
Microsoft Visual Studio Solution File, Format Version 12.00
# Visual Studio 14
VisualStudioVersion = 14.0.23107.0
MinimumVisualStudioVersion = 10.0.40219.1
Project("{FAE04EC0-301F-11D3-BF4B-00C04F79EFBC}") = "XamarinKiiTutorial", "XamarinKiiTutorial\XamarinKiiTutorial\XamarinKiiTutorial.csproj", "{87011DD5-BDFC-4891-84BD-968491721D4E}"
EndProject
Project("{FAE04EC0-301F-11D3-BF4B-00C04F79EFBC}") = "XamarinKiiTutorial.iOS", "XamarinKiiTutorial\XamarinKiiTutorial.iOS\XamarinKiiTutorial.iOS.csproj", "{1F56A2C7-751D-4AAC-897B-4B0A5EC28F4C}"
EndProject
Project("{FAE04EC0-301F-11D3-BF4B-00C04F79EFBC}") = "XamarinKiiTutorial.Droid", "XamarinKiiTutorial\XamarinKiiTutorial.Droid\XamarinKiiTutorial.Droid.csproj", "{FBC1DA8E-4980-45DA-82AF-08EDCDA4C846}"
EndProject
Project("{FAE04EC0-301F-11D3-BF4B-00C04F79EFBC}") = "XamarinKiiTutorial.WinPhone", "XamarinKiiTutorial\XamarinKiiTutorial.WinPhone\XamarinKiiTutorial.WinPhone.csproj", "{41EA182D-6106-44CC-99FD-E68F8D6E4794}"
EndProject
Global
	GlobalSection(SolutionConfigurationPlatforms) = preSolution
		Ad-Hoc|Any CPU = Ad-Hoc|Any CPU
		Ad-Hoc|ARM = Ad-Hoc|ARM
		Ad-Hoc|iPhone = Ad-Hoc|iPhone
		Ad-Hoc|iPhoneSimulator = Ad-Hoc|iPhoneSimulator
		Ad-Hoc|x86 = Ad-Hoc|x86
		AppStore|Any CPU = AppStore|Any CPU
		AppStore|ARM = AppStore|ARM
		AppStore|iPhone = AppStore|iPhone
		AppStore|iPhoneSimulator = AppStore|iPhoneSimulator
		AppStore|x86 = AppStore|x86
		Debug|Any CPU = Debug|Any CPU
		Debug|ARM = Debug|ARM
		Debug|iPhone = Debug|iPhone
		Debug|iPhoneSimulator = Debug|iPhoneSimulator
		Debug|x86 = Debug|x86
		Release|Any CPU = Release|Any CPU
		Release|ARM = Release|ARM
		Release|iPhone = Release|iPhone
		Release|iPhoneSimulator = Release|iPhoneSimulator
		Release|x86 = Release|x86
	EndGlobalSection
	GlobalSection(ProjectConfigurationPlatforms) = postSolution
		{87011DD5-BDFC-4891-84BD-968491721D4E}.Ad-Hoc|Any CPU.ActiveCfg = Release|Any CPU
		{87011DD5-BDFC-4891-84BD-968491721D4E}.Ad-Hoc|Any CPU.Build.0 = Release|Any CPU
		{87011DD5-BDFC-4891-84BD-968491721D4E}.Ad-Hoc|ARM.ActiveCfg = Release|Any CPU
		{87011DD5-BDFC-4891-84BD-968491721D4E}.Ad-Hoc|ARM.Build.0 = Release|Any CPU
		{87011DD5-BDFC-4891-84BD-968491721D4E}.Ad-Hoc|iPhone.ActiveCfg = Release|Any CPU
		{87011DD5-BDFC-4891-84BD-968491721D4E}.Ad-Hoc|iPhone.Build.0 = Release|Any CPU
		{87011DD5-BDFC-4891-84BD-968491721D4E}.Ad-Hoc|iPhoneSimulator.ActiveCfg = Release|Any CPU
		{87011DD5-BDFC-4891-84BD-968491721D4E}.Ad-Hoc|iPhoneSimulator.Build.0 = Release|Any CPU
		{87011DD5-BDFC-4891-84BD-968491721D4E}.Ad-Hoc|x86.ActiveCfg = Release|Any CPU
		{87011DD5-BDFC-4891-84BD-968491721D4E}.Ad-Hoc|x86.Build.0 = Release|Any CPU
		{87011DD5-BDFC-4891-84BD-968491721D4E}.AppStore|Any CPU.ActiveCfg = Release|Any CPU
		{87011DD5-BDFC-4891-84BD-968491721D4E}.AppStore|Any CPU.Build.0 = Release|Any CPU
		{87011DD5-BDFC-4891-84BD-968491721D4E}.AppStore|ARM.ActiveCfg = Release|Any CPU
		{87011DD5-BDFC-4891-84BD-968491721D4E}.AppStore|ARM.Build.0 = Release|Any CPU
		{87011DD5-BDFC-4891-84BD-968491721D4E}.AppStore|iPhone.ActiveCfg = Release|Any CPU
		{87011DD5-BDFC-4891-84BD-968491721D4E}.AppStore|iPhone.Build.0 = Release|Any CPU
		{87011DD5-BDFC-4891-84BD-968491721D4E}.AppStore|iPhoneSimulator.ActiveCfg = Release|Any CPU
		{87011DD5-BDFC-4891-84BD-968491721D4E}.AppStore|iPhoneSimulator.Build.0 = Release|Any CPU
		{87011DD5-BDFC-4891-84BD-968491721D4E}.AppStore|x86.ActiveCfg = Release|Any CPU
		{87011DD5-BDFC-4891-84BD-968491721D4E}.AppStore|x86.Build.0 = Release|Any CPU
		{87011DD5-BDFC-4891-84BD-968491721D4E}.Debug|Any CPU.ActiveCfg = Debug|Any CPU
		{87011DD5-BDFC-4891-84BD-968491721D4E}.Debug|Any CPU.Build.0 = Debug|Any CPU
		{87011DD5-BDFC-4891-84BD-968491721D4E}.Debug|ARM.ActiveCfg = Debug|Any CPU
		{87011DD5-BDFC-4891-84BD-968491721D4E}.Debug|ARM.Build.0 = Debug|Any CPU
		{87011DD5-BDFC-4891-84BD-968491721D4E}.Debug|iPhone.ActiveCfg = Debug|Any CPU
		{87011DD5-BDFC-4891-84BD-968491721D4E}.Debug|iPhone.Build.0 = Debug|Any CPU
		{87011DD5-BDFC-4891-84BD-968491721D4E}.Debug|iPhoneSimulator.ActiveCfg = Debug|Any CPU
		{87011DD5-BDFC-4891-84BD-968491721D4E}.Debug|iPhoneSimulator.Build.0 = Debug|Any CPU
		{87011DD5-BDFC-4891-84BD-968491721D4E}.Debug|x86.ActiveCfg = Debug|Any CPU
		{87011DD5-BDFC-4891-84BD-968491721D4E}.Debug|x86.Build.0 = Debug|Any CPU
		{87011DD5-BDFC-4891-84BD-968491721D4E}.Release|Any CPU.ActiveCfg = Release|Any CPU
		{87011DD5-BDFC-4891-84BD-968491721D4E}.Release|Any CPU.Build.0 = Release|Any CPU
		{87011DD5-BDFC-4891-84BD-968491721D4E}.Release|ARM.ActiveCfg = Release|Any CPU
		{87011DD5-BDFC-4891-84BD-968491721D4E}.Release|ARM.Build.0 = Release|Any CPU
		{87011DD5-BDFC-4891-84BD-968491721D4E}.Release|iPhone.ActiveCfg = Release|Any CPU
		{87011DD5-BDFC-4891-84BD-968491721D4E}.Release|iPhone.Build.0 = Release|Any CPU
		{87011DD5-BDFC-4891-84BD-968491721D4E}.Release|iPhoneSimulator.ActiveCfg = Release|Any CPU
		{87011DD5-BDFC-4891-84BD-968491721D4E}.Release|iPhoneSimulator.Build.0 = Release|Any CPU
		{87011DD5-BDFC-4891-84BD-968491721D4E}.Release|x86.ActiveCfg = Release|Any CPU
		{87011DD5-BDFC-4891-84BD-968491721D4E}.Release|x86.Build.0 = Release|Any CPU
		{1F56A2C7-751D-4AAC-897B-4B0A5EC28F4C}.Ad-Hoc|Any CPU.ActiveCfg = Ad-Hoc|iPhone
		{1F56A2C7-751D-4AAC-897B-4B0A5EC28F4C}.Ad-Hoc|ARM.ActiveCfg = Ad-Hoc|iPhone
		{1F56A2C7-751D-4AAC-897B-4B0A5EC28F4C}.Ad-Hoc|iPhone.ActiveCfg = Ad-Hoc|iPhone
		{1F56A2C7-751D-4AAC-897B-4B0A5EC28F4C}.Ad-Hoc|iPhone.Build.0 = Ad-Hoc|iPhone
		{1F56A2C7-751D-4AAC-897B-4B0A5EC28F4C}.Ad-Hoc|iPhoneSimulator.ActiveCfg = Ad-Hoc|iPhoneSimulator
		{1F56A2C7-751D-4AAC-897B-4B0A5EC28F4C}.Ad-Hoc|iPhoneSimulator.Build.0 = Ad-Hoc|iPhoneSimulator
		{1F56A2C7-751D-4AAC-897B-4B0A5EC28F4C}.Ad-Hoc|x86.ActiveCfg = Ad-Hoc|iPhone
		{1F56A2C7-751D-4AAC-897B-4B0A5EC28F4C}.AppStore|Any CPU.ActiveCfg = AppStore|iPhone
		{1F56A2C7-751D-4AAC-897B-4B0A5EC28F4C}.AppStore|ARM.ActiveCfg = AppStore|iPhone
		{1F56A2C7-751D-4AAC-897B-4B0A5EC28F4C}.AppStore|iPhone.ActiveCfg = AppStore|iPhone
		{1F56A2C7-751D-4AAC-897B-4B0A5EC28F4C}.AppStore|iPhone.Build.0 = AppStore|iPhone
		{1F56A2C7-751D-4AAC-897B-4B0A5EC28F4C}.AppStore|iPhoneSimulator.ActiveCfg = AppStore|iPhoneSimulator
		{1F56A2C7-751D-4AAC-897B-4B0A5EC28F4C}.AppStore|iPhoneSimulator.Build.0 = AppStore|iPhoneSimulator
		{1F56A2C7-751D-4AAC-897B-4B0A5EC28F4C}.AppStore|x86.ActiveCfg = AppStore|iPhone
		{1F56A2C7-751D-4AAC-897B-4B0A5EC28F4C}.Debug|Any CPU.ActiveCfg = Debug|iPhone
		{1F56A2C7-751D-4AAC-897B-4B0A5EC28F4C}.Debug|ARM.ActiveCfg = Debug|iPhone
		{1F56A2C7-751D-4AAC-897B-4B0A5EC28F4C}.Debug|iPhone.ActiveCfg = Debug|iPhone
		{1F56A2C7-751D-4AAC-897B-4B0A5EC28F4C}.Debug|iPhone.Build.0 = Debug|iPhone
		{1F56A2C7-751D-4AAC-897B-4B0A5EC28F4C}.Debug|iPhoneSimulator.ActiveCfg = Debug|iPhoneSimulator
		{1F56A2C7-751D-4AAC-897B-4B0A5EC28F4C}.Debug|iPhoneSimulator.Build.0 = Debug|iPhoneSimulator
		{1F56A2C7-751D-4AAC-897B-4B0A5EC28F4C}.Debug|x86.ActiveCfg = Debug|iPhone
		{1F56A2C7-751D-4AAC-897B-4B0A5EC28F4C}.Release|Any CPU.ActiveCfg = Release|iPhone
		{1F56A2C7-751D-4AAC-897B-4B0A5EC28F4C}.Release|ARM.ActiveCfg = Release|iPhone
		{1F56A2C7-751D-4AAC-897B-4B0A5EC28F4C}.Release|iPhone.ActiveCfg = Release|iPhone
		{1F56A2C7-751D-4AAC-897B-4B0A5EC28F4C}.Release|iPhone.Build.0 = Release|iPhone
		{1F56A2C7-751D-4AAC-897B-4B0A5EC28F4C}.Release|iPhoneSimulator.ActiveCfg = Release|iPhoneSimulator
		{1F56A2C7-751D-4AAC-897B-4B0A5EC28F4C}.Release|iPhoneSimulator.Build.0 = Release|iPhoneSimulator
		{1F56A2C7-751D-4AAC-897B-4B0A5EC28F4C}.Release|x86.ActiveCfg = Release|iPhone
		{FBC1DA8E-4980-45DA-82AF-08EDCDA4C846}.Ad-Hoc|Any CPU.ActiveCfg = Release|Any CPU
		{FBC1DA8E-4980-45DA-82AF-08EDCDA4C846}.Ad-Hoc|Any CPU.Build.0 = Release|Any CPU
		{FBC1DA8E-4980-45DA-82AF-08EDCDA4C846}.Ad-Hoc|Any CPU.Deploy.0 = Release|Any CPU
		{FBC1DA8E-4980-45DA-82AF-08EDCDA4C846}.Ad-Hoc|ARM.ActiveCfg = Release|Any CPU
		{FBC1DA8E-4980-45DA-82AF-08EDCDA4C846}.Ad-Hoc|ARM.Build.0 = Release|Any CPU
		{FBC1DA8E-4980-45DA-82AF-08EDCDA4C846}.Ad-Hoc|ARM.Deploy.0 = Release|Any CPU
		{FBC1DA8E-4980-45DA-82AF-08EDCDA4C846}.Ad-Hoc|iPhone.ActiveCfg = Release|Any CPU
		{FBC1DA8E-4980-45DA-82AF-08EDCDA4C846}.Ad-Hoc|iPhone.Build.0 = Release|Any CPU
		{FBC1DA8E-4980-45DA-82AF-08EDCDA4C846}.Ad-Hoc|iPhone.Deploy.0 = Release|Any CPU
		{FBC1DA8E-4980-45DA-82AF-08EDCDA4C846}.Ad-Hoc|iPhoneSimulator.ActiveCfg = Release|Any CPU
		{FBC1DA8E-4980-45DA-82AF-08EDCDA4C846}.Ad-Hoc|iPhoneSimulator.Build.0 = Release|Any CPU
		{FBC1DA8E-4980-45DA-82AF-08EDCDA4C846}.Ad-Hoc|iPhoneSimulator.Deploy.0 = Release|Any CPU
		{FBC1DA8E-4980-45DA-82AF-08EDCDA4C846}.Ad-Hoc|x86.ActiveCfg = Release|Any CPU
		{FBC1DA8E-4980-45DA-82AF-08EDCDA4C846}.Ad-Hoc|x86.Build.0 = Release|Any CPU
		{FBC1DA8E-4980-45DA-82AF-08EDCDA4C846}.Ad-Hoc|x86.Deploy.0 = Release|Any CPU
		{FBC1DA8E-4980-45DA-82AF-08EDCDA4C846}.AppStore|Any CPU.ActiveCfg = Release|Any CPU
		{FBC1DA8E-4980-45DA-82AF-08EDCDA4C846}.AppStore|Any CPU.Build.0 = Release|Any CPU
		{FBC1DA8E-4980-45DA-82AF-08EDCDA4C846}.AppStore|Any CPU.Deploy.0 = Release|Any CPU
		{FBC1DA8E-4980-45DA-82AF-08EDCDA4C846}.AppStore|ARM.ActiveCfg = Release|Any CPU
		{FBC1DA8E-4980-45DA-82AF-08EDCDA4C846}.AppStore|ARM.Build.0 = Release|Any CPU
		{FBC1DA8E-4980-45DA-82AF-08EDCDA4C846}.AppStore|ARM.Deploy.0 = Release|Any CPU
		{FBC1DA8E-4980-45DA-82AF-08EDCDA4C846}.AppStore|iPhone.ActiveCfg = Release|Any CPU
		{FBC1DA8E-4980-45DA-82AF-08EDCDA4C846}.AppStore|iPhone.Build.0 = Release|Any CPU
		{FBC1DA8E-4980-45DA-82AF-08EDCDA4C846}.AppStore|iPhone.Deploy.0 = Release|Any CPU
		{FBC1DA8E-4980-45DA-82AF-08EDCDA4C846}.AppStore|iPhoneSimulator.ActiveCfg = Release|Any CPU
		{FBC1DA8E-4980-45DA-82AF-08EDCDA4C846}.AppStore|iPhoneSimulator.Build.0 = Release|Any CPU
		{FBC1DA8E-4980-45DA-82AF-08EDCDA4C846}.AppStore|iPhoneSimulator.Deploy.0 = Release|Any CPU
		{FBC1DA8E-4980-45DA-82AF-08EDCDA4C846}.AppStore|x86.ActiveCfg = Release|Any CPU
		{FBC1DA8E-4980-45DA-82AF-08EDCDA4C846}.AppStore|x86.Build.0 = Release|Any CPU
		{FBC1DA8E-4980-45DA-82AF-08EDCDA4C846}.AppStore|x86.Deploy.0 = Release|Any CPU
		{FBC1DA8E-4980-45DA-82AF-08EDCDA4C846}.Debug|Any CPU.ActiveCfg = Debug|Any CPU
		{FBC1DA8E-4980-45DA-82AF-08EDCDA4C846}.Debug|Any CPU.Build.0 = Debug|Any CPU
		{FBC1DA8E-4980-45DA-82AF-08EDCDA4C846}.Debug|Any CPU.Deploy.0 = Debug|Any CPU
		{FBC1DA8E-4980-45DA-82AF-08EDCDA4C846}.Debug|ARM.ActiveCfg = Debug|Any CPU
		{FBC1DA8E-4980-45DA-82AF-08EDCDA4C846}.Debug|ARM.Build.0 = Debug|Any CPU
		{FBC1DA8E-4980-45DA-82AF-08EDCDA4C846}.Debug|ARM.Deploy.0 = Debug|Any CPU
		{FBC1DA8E-4980-45DA-82AF-08EDCDA4C846}.Debug|iPhone.ActiveCfg = Debug|Any CPU
		{FBC1DA8E-4980-45DA-82AF-08EDCDA4C846}.Debug|iPhone.Build.0 = Debug|Any CPU
		{FBC1DA8E-4980-45DA-82AF-08EDCDA4C846}.Debug|iPhone.Deploy.0 = Debug|Any CPU
		{FBC1DA8E-4980-45DA-82AF-08EDCDA4C846}.Debug|iPhoneSimulator.ActiveCfg = Debug|Any CPU
		{FBC1DA8E-4980-45DA-82AF-08EDCDA4C846}.Debug|iPhoneSimulator.Build.0 = Debug|Any CPU
		{FBC1DA8E-4980-45DA-82AF-08EDCDA4C846}.Debug|iPhoneSimulator.Deploy.0 = Debug|Any CPU
		{FBC1DA8E-4980-45DA-82AF-08EDCDA4C846}.Debug|x86.ActiveCfg = Debug|Any CPU
		{FBC1DA8E-4980-45DA-82AF-08EDCDA4C846}.Debug|x86.Build.0 = Debug|Any CPU
		{FBC1DA8E-4980-45DA-82AF-08EDCDA4C846}.Debug|x86.Deploy.0 = Debug|Any CPU
		{FBC1DA8E-4980-45DA-82AF-08EDCDA4C846}.Release|Any CPU.ActiveCfg = Release|Any CPU
		{FBC1DA8E-4980-45DA-82AF-08EDCDA4C846}.Release|Any CPU.Build.0 = Release|Any CPU
		{FBC1DA8E-4980-45DA-82AF-08EDCDA4C846}.Release|Any CPU.Deploy.0 = Release|Any CPU
		{FBC1DA8E-4980-45DA-82AF-08EDCDA4C846}.Release|ARM.ActiveCfg = Release|Any CPU
		{FBC1DA8E-4980-45DA-82AF-08EDCDA4C846}.Release|ARM.Build.0 = Release|Any CPU
		{FBC1DA8E-4980-45DA-82AF-08EDCDA4C846}.Release|ARM.Deploy.0 = Release|Any CPU
		{FBC1DA8E-4980-45DA-82AF-08EDCDA4C846}.Release|iPhone.ActiveCfg = Release|Any CPU
		{FBC1DA8E-4980-45DA-82AF-08EDCDA4C846}.Release|iPhone.Build.0 = Release|Any CPU
		{FBC1DA8E-4980-45DA-82AF-08EDCDA4C846}.Release|iPhone.Deploy.0 = Release|Any CPU
		{FBC1DA8E-4980-45DA-82AF-08EDCDA4C846}.Release|iPhoneSimulator.ActiveCfg = Release|Any CPU
		{FBC1DA8E-4980-45DA-82AF-08EDCDA4C846}.Release|iPhoneSimulator.Build.0 = Release|Any CPU
		{FBC1DA8E-4980-45DA-82AF-08EDCDA4C846}.Release|iPhoneSimulator.Deploy.0 = Release|Any CPU
		{FBC1DA8E-4980-45DA-82AF-08EDCDA4C846}.Release|x86.ActiveCfg = Release|Any CPU
		{FBC1DA8E-4980-45DA-82AF-08EDCDA4C846}.Release|x86.Build.0 = Release|Any CPU
		{FBC1DA8E-4980-45DA-82AF-08EDCDA4C846}.Release|x86.Deploy.0 = Release|Any CPU
		{41EA182D-6106-44CC-99FD-E68F8D6E4794}.Ad-Hoc|Any CPU.ActiveCfg = Release|Any CPU
		{41EA182D-6106-44CC-99FD-E68F8D6E4794}.Ad-Hoc|Any CPU.Build.0 = Release|Any CPU
		{41EA182D-6106-44CC-99FD-E68F8D6E4794}.Ad-Hoc|Any CPU.Deploy.0 = Release|Any CPU
		{41EA182D-6106-44CC-99FD-E68F8D6E4794}.Ad-Hoc|ARM.ActiveCfg = Release|ARM
		{41EA182D-6106-44CC-99FD-E68F8D6E4794}.Ad-Hoc|ARM.Build.0 = Release|ARM
		{41EA182D-6106-44CC-99FD-E68F8D6E4794}.Ad-Hoc|ARM.Deploy.0 = Release|ARM
		{41EA182D-6106-44CC-99FD-E68F8D6E4794}.Ad-Hoc|iPhone.ActiveCfg = Release|Any CPU
		{41EA182D-6106-44CC-99FD-E68F8D6E4794}.Ad-Hoc|iPhone.Build.0 = Release|Any CPU
		{41EA182D-6106-44CC-99FD-E68F8D6E4794}.Ad-Hoc|iPhone.Deploy.0 = Release|Any CPU
		{41EA182D-6106-44CC-99FD-E68F8D6E4794}.Ad-Hoc|iPhoneSimulator.ActiveCfg = Release|Any CPU
		{41EA182D-6106-44CC-99FD-E68F8D6E4794}.Ad-Hoc|iPhoneSimulator.Build.0 = Release|Any CPU
		{41EA182D-6106-44CC-99FD-E68F8D6E4794}.Ad-Hoc|iPhoneSimulator.Deploy.0 = Release|Any CPU
		{41EA182D-6106-44CC-99FD-E68F8D6E4794}.Ad-Hoc|x86.ActiveCfg = Release|x86
		{41EA182D-6106-44CC-99FD-E68F8D6E4794}.Ad-Hoc|x86.Build.0 = Release|x86
		{41EA182D-6106-44CC-99FD-E68F8D6E4794}.Ad-Hoc|x86.Deploy.0 = Release|x86
		{41EA182D-6106-44CC-99FD-E68F8D6E4794}.AppStore|Any CPU.ActiveCfg = Release|Any CPU
		{41EA182D-6106-44CC-99FD-E68F8D6E4794}.AppStore|Any CPU.Build.0 = Release|Any CPU
		{41EA182D-6106-44CC-99FD-E68F8D6E4794}.AppStore|Any CPU.Deploy.0 = Release|Any CPU
		{41EA182D-6106-44CC-99FD-E68F8D6E4794}.AppStore|ARM.ActiveCfg = Release|ARM
		{41EA182D-6106-44CC-99FD-E68F8D6E4794}.AppStore|ARM.Build.0 = Release|ARM
		{41EA182D-6106-44CC-99FD-E68F8D6E4794}.AppStore|ARM.Deploy.0 = Release|ARM
		{41EA182D-6106-44CC-99FD-E68F8D6E4794}.AppStore|iPhone.ActiveCfg = Release|Any CPU
		{41EA182D-6106-44CC-99FD-E68F8D6E4794}.AppStore|iPhone.Build.0 = Release|Any CPU
		{41EA182D-6106-44CC-99FD-E68F8D6E4794}.AppStore|iPhone.Deploy.0 = Release|Any CPU
		{41EA182D-6106-44CC-99FD-E68F8D6E4794}.AppStore|iPhoneSimulator.ActiveCfg = Release|Any CPU
		{41EA182D-6106-44CC-99FD-E68F8D6E4794}.AppStore|iPhoneSimulator.Build.0 = Release|Any CPU
		{41EA182D-6106-44CC-99FD-E68F8D6E4794}.AppStore|iPhoneSimulator.Deploy.0 = Release|Any CPU
		{41EA182D-6106-44CC-99FD-E68F8D6E4794}.AppStore|x86.ActiveCfg = Release|x86
		{41EA182D-6106-44CC-99FD-E68F8D6E4794}.AppStore|x86.Build.0 = Release|x86
		{41EA182D-6106-44CC-99FD-E68F8D6E4794}.AppStore|x86.Deploy.0 = Release|x86
		{41EA182D-6106-44CC-99FD-E68F8D6E4794}.Debug|Any CPU.ActiveCfg = Debug|Any CPU
		{41EA182D-6106-44CC-99FD-E68F8D6E4794}.Debug|Any CPU.Build.0 = Debug|Any CPU
		{41EA182D-6106-44CC-99FD-E68F8D6E4794}.Debug|Any CPU.Deploy.0 = Debug|Any CPU
		{41EA182D-6106-44CC-99FD-E68F8D6E4794}.Debug|ARM.ActiveCfg = Debug|ARM
		{41EA182D-6106-44CC-99FD-E68F8D6E4794}.Debug|ARM.Build.0 = Debug|ARM
		{41EA182D-6106-44CC-99FD-E68F8D6E4794}.Debug|ARM.Deploy.0 = Debug|ARM
		{41EA182D-6106-44CC-99FD-E68F8D6E4794}.Debug|iPhone.ActiveCfg = Debug|Any CPU
		{41EA182D-6106-44CC-99FD-E68F8D6E4794}.Debug|iPhone.Build.0 = Debug|Any CPU
		{41EA182D-6106-44CC-99FD-E68F8D6E4794}.Debug|iPhone.Deploy.0 = Debug|Any CPU
		{41EA182D-6106-44CC-99FD-E68F8D6E4794}.Debug|iPhoneSimulator.ActiveCfg = Debug|Any CPU
		{41EA182D-6106-44CC-99FD-E68F8D6E4794}.Debug|iPhoneSimulator.Build.0 = Debug|Any CPU
		{41EA182D-6106-44CC-99FD-E68F8D6E4794}.Debug|iPhoneSimulator.Deploy.0 = Debug|Any CPU
		{41EA182D-6106-44CC-99FD-E68F8D6E4794}.Debug|x86.ActiveCfg = Debug|x86
		{41EA182D-6106-44CC-99FD-E68F8D6E4794}.Debug|x86.Build.0 = Debug|x86
		{41EA182D-6106-44CC-99FD-E68F8D6E4794}.Debug|x86.Deploy.0 = Debug|x86
		{41EA182D-6106-44CC-99FD-E68F8D6E4794}.Release|Any CPU.ActiveCfg = Release|Any CPU
		{41EA182D-6106-44CC-99FD-E68F8D6E4794}.Release|Any CPU.Build.0 = Release|Any CPU
		{41EA182D-6106-44CC-99FD-E68F8D6E4794}.Release|Any CPU.Deploy.0 = Release|Any CPU
		{41EA182D-6106-44CC-99FD-E68F8D6E4794}.Release|ARM.ActiveCfg = Release|ARM
		{41EA182D-6106-44CC-99FD-E68F8D6E4794}.Release|ARM.Build.0 = Release|ARM
		{41EA182D-6106-44CC-99FD-E68F8D6E4794}.Release|ARM.Deploy.0 = Release|ARM
		{41EA182D-6106-44CC-99FD-E68F8D6E4794}.Release|iPhone.ActiveCfg = Release|Any CPU
		{41EA182D-6106-44CC-99FD-E68F8D6E4794}.Release|iPhone.Build.0 = Release|Any CPU
		{41EA182D-6106-44CC-99FD-E68F8D6E4794}.Release|iPhone.Deploy.0 = Release|Any CPU
		{41EA182D-6106-44CC-99FD-E68F8D6E4794}.Release|iPhoneSimulator.ActiveCfg = Release|Any CPU
		{41EA182D-6106-44CC-99FD-E68F8D6E4794}.Release|iPhoneSimulator.Build.0 = Release|Any CPU
		{41EA182D-6106-44CC-99FD-E68F8D6E4794}.Release|iPhoneSimulator.Deploy.0 = Release|Any CPU
		{41EA182D-6106-44CC-99FD-E68F8D6E4794}.Release|x86.ActiveCfg = Release|x86
		{41EA182D-6106-44CC-99FD-E68F8D6E4794}.Release|x86.Build.0 = Release|x86
		{41EA182D-6106-44CC-99FD-E68F8D6E4794}.Release|x86.Deploy.0 = Release|x86
	EndGlobalSection
	GlobalSection(SolutionProperties) = preSolution
		HideSolutionNode = FALSE
	EndGlobalSection
EndGlobal
